
Microsoft Visual Studio Solution File, Format Version 11.00
# Visual Studio 2010
Project("{8BC9CEB8-8B4A-11D0-8D11-00A0C91BC942}") = "puzzle", "puzzle\puzzle.vcxproj", "{269DE456-61F6-44EE-8310-5C13D8ADBA9C}"
EndProject
Global
	GlobalSection(SolutionConfigurationPlatforms) = preSolution
		Debug|Win32 = Debug|Win32
		Release|Win32 = Release|Win32
	EndGlobalSection
	GlobalSection(ProjectConfigurationPlatforms) = postSolution
		{269DE456-61F6-44EE-8310-5C13D8ADBA9C}.Debug|Win32.ActiveCfg = Debug|Win32
		{269DE456-61F6-44EE-8310-5C13D8ADBA9C}.Debug|Win32.Build.0 = Debug|Win32
		{269DE456-61F6-44EE-8310-5C13D8ADBA9C}.Release|Win32.ActiveCfg = Release|Win32
		{269DE456-61F6-44EE-8310-5C13D8ADBA9C}.Release|Win32.Build.0 = Release|Win32
	EndGlobalSection
	GlobalSection(SolutionProperties) = preSolution
		HideSolutionNode = FALSE
	EndGlobalSection
EndGlobal
